// !$*UTF8*$!
{
	archiveVersion = 1;
	classes = {
	};
	objectVersion = 46;
	objects = {

/* Begin PBXBuildFile section */
		CF199E481F55172D00D63C76 /* NSDate+Extension.m in Sources */ = {isa = PBXBuildFile; fileRef = CF199E471F55172D00D63C76 /* NSDate+Extension.m */; };
		CF679C351F4F2C3800DF43C7 /* AdSupport.framework in Frameworks */ = {isa = PBXBuildFile; fileRef = CF679C341F4F2C3800DF43C7 /* AdSupport.framework */; };
		CF71A68D1F19C31500B15EA5 /* main.m in Sources */ = {isa = PBXBuildFile; fileRef = CF71A68C1F19C31500B15EA5 /* main.m */; };
		CF71A6901F19C31500B15EA5 /* AppDelegate.m in Sources */ = {isa = PBXBuildFile; fileRef = CF71A68F1F19C31500B15EA5 /* AppDelegate.m */; };
		CF71A6931F19C31500B15EA5 /* ViewController.m in Sources */ = {isa = PBXBuildFile; fileRef = CF71A6921F19C31500B15EA5 /* ViewController.m */; };
		CF71A6961F19C31500B15EA5 /* Main.storyboard in Resources */ = {isa = PBXBuildFile; fileRef = CF71A6941F19C31500B15EA5 /* Main.storyboard */; };
		CF71A6981F19C31500B15EA5 /* Assets.xcassets in Resources */ = {isa = PBXBuildFile; fileRef = CF71A6971F19C31500B15EA5 /* Assets.xcassets */; };
		CF71A69B1F19C31500B15EA5 /* LaunchScreen.storyboard in Resources */ = {isa = PBXBuildFile; fileRef = CF71A6991F19C31500B15EA5 /* LaunchScreen.storyboard */; };
		CF71A6AC1F19C3EA00B15EA5 /* Makefile in Sources */ = {isa = PBXBuildFile; fileRef = CF71A6A91F19C3EA00B15EA5 /* Makefile */; };
		CF71A6AE1F19C3EA00B15EA5 /* Tweak.xm in Resources */ = {isa = PBXBuildFile; fileRef = CF71A6AB1F19C3EA00B15EA5 /* Tweak.xm */; };
		CF71A6BE1F19C50400B15EA5 /* NSObject+Extension.m in Sources */ = {isa = PBXBuildFile; fileRef = CF71A6B71F19C50400B15EA5 /* NSObject+Extension.m */; };
		CF71A6BF1F19C50400B15EA5 /* TweakDataManager.m in Sources */ = {isa = PBXBuildFile; fileRef = CF71A6B91F19C50400B15EA5 /* TweakDataManager.m */; };
		CF71A6C01F19C50400B15EA5 /* TweakEXECManager.m in Sources */ = {isa = PBXBuildFile; fileRef = CF71A6BB1F19C50400B15EA5 /* TweakEXECManager.m */; };
		CF71A6C11F19C50400B15EA5 /* TweakViewController.m in Sources */ = {isa = PBXBuildFile; fileRef = CF71A6BD1F19C50400B15EA5 /* TweakViewController.m */; };
		CF71A6C41F1A02B600B15EA5 /* TweakManager.m in Sources */ = {isa = PBXBuildFile; fileRef = CF71A6C31F1A02B600B15EA5 /* TweakManager.m */; };
		CF8422E81F284B15001FC8CC /* LICENSE in Resources */ = {isa = PBXBuildFile; fileRef = CF8422E41F284B15001FC8CC /* LICENSE */; };
		CF8422E91F284B15001FC8CC /* MBProgressHUD.m in Sources */ = {isa = PBXBuildFile; fileRef = CF8422E61F284B15001FC8CC /* MBProgressHUD.m */; };
		CF8422EA1F284B15001FC8CC /* README.mdown in Sources */ = {isa = PBXBuildFile; fileRef = CF8422E71F284B15001FC8CC /* README.mdown */; };
		CF8422ED1F284BAC001FC8CC /* MBProgressHUD+OMTExtension.m in Sources */ = {isa = PBXBuildFile; fileRef = CF8422EC1F284BAC001FC8CC /* MBProgressHUD+OMTExtension.m */; };
		CF8422F01F285B44001FC8CC /* UIView+OMTExtension.m in Sources */ = {isa = PBXBuildFile; fileRef = CF8422EF1F285B44001FC8CC /* UIView+OMTExtension.m */; };
		CF8422F61F28B031001FC8CC /* TweakTableViewCell.m in Sources */ = {isa = PBXBuildFile; fileRef = CF8422F51F28B031001FC8CC /* TweakTableViewCell.m */; };
		CF94E64D1F38605600CAEF65 /* OMTDebugManager.m in Sources */ = {isa = PBXBuildFile; fileRef = CF94E64C1F38605600CAEF65 /* OMTDebugManager.m */; };
		CFAD6B6F1F260F70006B2363 /* UserModel.m in Sources */ = {isa = PBXBuildFile; fileRef = CFAD6B6E1F260F70006B2363 /* UserModel.m */; };
		CFD1DDEB1F5182010093CDB0 /* libdisPatch.plist in Resources */ = {isa = PBXBuildFile; fileRef = CFD1DDEA1F5182010093CDB0 /* libdisPatch.plist */; };
/* End PBXBuildFile section */

/* Begin PBXFileReference section */
		CF199E461F55172D00D63C76 /* NSDate+Extension.h */ = {isa = PBXFileReference; fileEncoding = 4; lastKnownFileType = sourcecode.c.h; path = "NSDate+Extension.h"; sourceTree = "<group>"; };
		CF199E471F55172D00D63C76 /* NSDate+Extension.m */ = {isa = PBXFileReference; fileEncoding = 4; lastKnownFileType = sourcecode.c.objc; path = "NSDate+Extension.m"; sourceTree = "<group>"; };
		CF679C341F4F2C3800DF43C7 /* AdSupport.framework */ = {isa = PBXFileReference; lastKnownFileType = wrapper.framework; name = AdSupport.framework; path = System/Library/Frameworks/AdSupport.framework; sourceTree = SDKROOT; };
		CF71A6881F19C31500B15EA5 /* newTweak.app */ = {isa = PBXFileReference; explicitFileType = wrapper.application; includeInIndex = 0; path = newTweak.app; sourceTree = BUILT_PRODUCTS_DIR; };
		CF71A68C1F19C31500B15EA5 /* main.m */ = {isa = PBXFileReference; lastKnownFileType = sourcecode.c.objc; path = main.m; sourceTree = "<group>"; };
		CF71A68E1F19C31500B15EA5 /* AppDelegate.h */ = {isa = PBXFileReference; lastKnownFileType = sourcecode.c.h; path = AppDelegate.h; sourceTree = "<group>"; };
		CF71A68F1F19C31500B15EA5 /* AppDelegate.m */ = {isa = PBXFileReference; lastKnownFileType = sourcecode.c.objc; path = AppDelegate.m; sourceTree = "<group>"; };
		CF71A6911F19C31500B15EA5 /* ViewController.h */ = {isa = PBXFileReference; lastKnownFileType = sourcecode.c.h; path = ViewController.h; sourceTree = "<group>"; };
		CF71A6921F19C31500B15EA5 /* ViewController.m */ = {isa = PBXFileReference; lastKnownFileType = sourcecode.c.objc; path = ViewController.m; sourceTree = "<group>"; };
		CF71A6951F19C31500B15EA5 /* Base */ = {isa = PBXFileReference; lastKnownFileType = file.storyboard; name = Base; path = Base.lproj/Main.storyboard; sourceTree = "<group>"; };
		CF71A6971F19C31500B15EA5 /* Assets.xcassets */ = {isa = PBXFileReference; lastKnownFileType = folder.assetcatalog; path = Assets.xcassets; sourceTree = "<group>"; };
		CF71A69A1F19C31500B15EA5 /* Base */ = {isa = PBXFileReference; lastKnownFileType = file.storyboard; name = Base; path = Base.lproj/LaunchScreen.storyboard; sourceTree = "<group>"; };
		CF71A69C1F19C31500B15EA5 /* Info.plist */ = {isa = PBXFileReference; lastKnownFileType = text.plist.xml; path = Info.plist; sourceTree = "<group>"; };
		CF71A6A91F19C3EA00B15EA5 /* Makefile */ = {isa = PBXFileReference; fileEncoding = 4; lastKnownFileType = sourcecode.make; path = Makefile; sourceTree = SOURCE_ROOT; };
		CF71A6AB1F19C3EA00B15EA5 /* Tweak.xm */ = {isa = PBXFileReference; fileEncoding = 4; lastKnownFileType = text; path = Tweak.xm; sourceTree = SOURCE_ROOT; };
		CF71A6B51F19C50400B15EA5 /* Marco.h */ = {isa = PBXFileReference; fileEncoding = 4; lastKnownFileType = sourcecode.c.h; path = Marco.h; sourceTree = "<group>"; };
		CF71A6B61F19C50400B15EA5 /* NSObject+Extension.h */ = {isa = PBXFileReference; fileEncoding = 4; lastKnownFileType = sourcecode.c.h; path = "NSObject+Extension.h"; sourceTree = "<group>"; };
		CF71A6B71F19C50400B15EA5 /* NSObject+Extension.m */ = {isa = PBXFileReference; fileEncoding = 4; lastKnownFileType = sourcecode.c.objc; path = "NSObject+Extension.m"; sourceTree = "<group>"; };
		CF71A6B81F19C50400B15EA5 /* TweakDataManager.h */ = {isa = PBXFileReference; fileEncoding = 4; lastKnownFileType = sourcecode.c.h; path = TweakDataManager.h; sourceTree = "<group>"; };
		CF71A6B91F19C50400B15EA5 /* TweakDataManager.m */ = {isa = PBXFileReference; fileEncoding = 4; lastKnownFileType = sourcecode.c.objc; path = TweakDataManager.m; sourceTree = "<group>"; };
		CF71A6BA1F19C50400B15EA5 /* TweakEXECManager.h */ = {isa = PBXFileReference; fileEncoding = 4; lastKnownFileType = sourcecode.c.h; path = TweakEXECManager.h; sourceTree = "<group>"; };
		CF71A6BB1F19C50400B15EA5 /* TweakEXECManager.m */ = {isa = PBXFileReference; fileEncoding = 4; lastKnownFileType = sourcecode.c.objc; path = TweakEXECManager.m; sourceTree = "<group>"; };
		CF71A6BC1F19C50400B15EA5 /* TweakViewController.h */ = {isa = PBXFileReference; fileEncoding = 4; lastKnownFileType = sourcecode.c.h; path = TweakViewController.h; sourceTree = "<group>"; };
		CF71A6BD1F19C50400B15EA5 /* TweakViewController.m */ = {isa = PBXFileReference; fileEncoding = 4; lastKnownFileType = sourcecode.c.objc; path = TweakViewController.m; sourceTree = "<group>"; };
		CF71A6C21F1A02B600B15EA5 /* TweakManager.h */ = {isa = PBXFileReference; fileEncoding = 4; lastKnownFileType = sourcecode.c.h; path = TweakManager.h; sourceTree = "<group>"; };
		CF71A6C31F1A02B600B15EA5 /* TweakManager.m */ = {isa = PBXFileReference; fileEncoding = 4; lastKnownFileType = sourcecode.c.objc; path = TweakManager.m; sourceTree = "<group>"; };
		CF8422E41F284B15001FC8CC /* LICENSE */ = {isa = PBXFileReference; fileEncoding = 4; lastKnownFileType = text; path = LICENSE; sourceTree = "<group>"; };
		CF8422E51F284B15001FC8CC /* MBProgressHUD.h */ = {isa = PBXFileReference; fileEncoding = 4; lastKnownFileType = sourcecode.c.h; path = MBProgressHUD.h; sourceTree = "<group>"; };
		CF8422E61F284B15001FC8CC /* MBProgressHUD.m */ = {isa = PBXFileReference; fileEncoding = 4; lastKnownFileType = sourcecode.c.objc; path = MBProgressHUD.m; sourceTree = "<group>"; };
		CF8422E71F284B15001FC8CC /* README.mdown */ = {isa = PBXFileReference; fileEncoding = 4; lastKnownFileType = net.daringfireball.markdown; path = README.mdown; sourceTree = "<group>"; };
		CF8422EB1F284BAC001FC8CC /* MBProgressHUD+OMTExtension.h */ = {isa = PBXFileReference; fileEncoding = 4; lastKnownFileType = sourcecode.c.h; path = "MBProgressHUD+OMTExtension.h"; sourceTree = "<group>"; };
		CF8422EC1F284BAC001FC8CC /* MBProgressHUD+OMTExtension.m */ = {isa = PBXFileReference; fileEncoding = 4; lastKnownFileType = sourcecode.c.objc; path = "MBProgressHUD+OMTExtension.m"; sourceTree = "<group>"; };
		CF8422EE1F285B44001FC8CC /* UIView+OMTExtension.h */ = {isa = PBXFileReference; fileEncoding = 4; lastKnownFileType = sourcecode.c.h; path = "UIView+OMTExtension.h"; sourceTree = "<group>"; };
		CF8422EF1F285B44001FC8CC /* UIView+OMTExtension.m */ = {isa = PBXFileReference; fileEncoding = 4; lastKnownFileType = sourcecode.c.objc; path = "UIView+OMTExtension.m"; sourceTree = "<group>"; };
		CF8422F41F28B031001FC8CC /* TweakTableViewCell.h */ = {isa = PBXFileReference; fileEncoding = 4; lastKnownFileType = sourcecode.c.h; path = TweakTableViewCell.h; sourceTree = "<group>"; };
		CF8422F51F28B031001FC8CC /* TweakTableViewCell.m */ = {isa = PBXFileReference; fileEncoding = 4; lastKnownFileType = sourcecode.c.objc; path = TweakTableViewCell.m; sourceTree = "<group>"; };
		CF94E64B1F38605600CAEF65 /* OMTDebugManager.h */ = {isa = PBXFileReference; fileEncoding = 4; lastKnownFileType = sourcecode.c.h; path = OMTDebugManager.h; sourceTree = "<group>"; };
		CF94E64C1F38605600CAEF65 /* OMTDebugManager.m */ = {isa = PBXFileReference; fileEncoding = 4; lastKnownFileType = sourcecode.c.objc; path = OMTDebugManager.m; sourceTree = "<group>"; };
		CFAD6B6D1F260F70006B2363 /* UserModel.h */ = {isa = PBXFileReference; fileEncoding = 4; lastKnownFileType = sourcecode.c.h; path = UserModel.h; sourceTree = "<group>"; };
		CFAD6B6E1F260F70006B2363 /* UserModel.m */ = {isa = PBXFileReference; fileEncoding = 4; lastKnownFileType = sourcecode.c.objc; path = UserModel.m; sourceTree = "<group>"; };
		CFD1DDEA1F5182010093CDB0 /* libdisPatch.plist */ = {isa = PBXFileReference; lastKnownFileType = text.plist; path = libdisPatch.plist; sourceTree = SOURCE_ROOT; };
/* End PBXFileReference section */

/* Begin PBXFrameworksBuildPhase section */
		CF71A6851F19C31500B15EA5 /* Frameworks */ = {
			isa = PBXFrameworksBuildPhase;
			buildActionMask = 2147483647;
			files = (
				CF679C351F4F2C3800DF43C7 /* AdSupport.framework in Frameworks */,
			);
			runOnlyForDeploymentPostprocessing = 0;
		};
/* End PBXFrameworksBuildPhase section */

/* Begin PBXGroup section */
		CF679C331F4F2C3800DF43C7 /* Frameworks */ = {
			isa = PBXGroup;
			children = (
				CF679C341F4F2C3800DF43C7 /* AdSupport.framework */,
			);
			name = Frameworks;
			sourceTree = "<group>";
		};
		CF71A67F1F19C31500B15EA5 = {
			isa = PBXGroup;
			children = (
				CF71A68A1F19C31500B15EA5 /* newTweak */,
				CF71A6891F19C31500B15EA5 /* Products */,
				CF679C331F4F2C3800DF43C7 /* Frameworks */,
			);
			sourceTree = "<group>";
		};
		CF71A6891F19C31500B15EA5 /* Products */ = {
			isa = PBXGroup;
			children = (
				CF71A6881F19C31500B15EA5 /* newTweak.app */,
			);
			name = Products;
			sourceTree = "<group>";
		};
		CF71A68A1F19C31500B15EA5 /* newTweak */ = {
			isa = PBXGroup;
			children = (
				CF71A6A91F19C3EA00B15EA5 /* Makefile */,
				CFD1DDEA1F5182010093CDB0 /* libdisPatch.plist */,
				CF71A6AB1F19C3EA00B15EA5 /* Tweak.xm */,
				CF71A68F1F19C31500B15EA5 /* AppDelegate.m */,
				CF71A68E1F19C31500B15EA5 /* AppDelegate.h */,
				CF71A6911F19C31500B15EA5 /* ViewController.h */,
				CF71A6921F19C31500B15EA5 /* ViewController.m */,
				CF71A6941F19C31500B15EA5 /* Main.storyboard */,
				CF71A6971F19C31500B15EA5 /* Assets.xcassets */,
				CF71A6991F19C31500B15EA5 /* LaunchScreen.storyboard */,
				CF71A69C1F19C31500B15EA5 /* Info.plist */,
				CF71A6B41F19C50400B15EA5 /* Tweak */,
				CF71A68B1F19C31500B15EA5 /* Supporting Files */,
			);
			path = newTweak;
			sourceTree = "<group>";
		};
		CF71A68B1F19C31500B15EA5 /* Supporting Files */ = {
			isa = PBXGroup;
			children = (
				CF71A68C1F19C31500B15EA5 /* main.m */,
			);
			name = "Supporting Files";
			sourceTree = "<group>";
		};
		CF71A6B41F19C50400B15EA5 /* Tweak */ = {
			isa = PBXGroup;
			children = (
				CF94E64B1F38605600CAEF65 /* OMTDebugManager.h */,
				CF94E64C1F38605600CAEF65 /* OMTDebugManager.m */,
				CF8422E21F284B15001FC8CC /* lib */,
				CF71A6B51F19C50400B15EA5 /* Marco.h */,
				CF71A6B61F19C50400B15EA5 /* NSObject+Extension.h */,
				CF71A6B71F19C50400B15EA5 /* NSObject+Extension.m */,
				CF71A6B81F19C50400B15EA5 /* TweakDataManager.h */,
				CF71A6B91F19C50400B15EA5 /* TweakDataManager.m */,
				CF71A6BA1F19C50400B15EA5 /* TweakEXECManager.h */,
				CF71A6BB1F19C50400B15EA5 /* TweakEXECManager.m */,
				CF71A6BC1F19C50400B15EA5 /* TweakViewController.h */,
				CF71A6BD1F19C50400B15EA5 /* TweakViewController.m */,
				CF71A6C21F1A02B600B15EA5 /* TweakManager.h */,
				CF71A6C31F1A02B600B15EA5 /* TweakManager.m */,
				CFAD6B6D1F260F70006B2363 /* UserModel.h */,
				CFAD6B6E1F260F70006B2363 /* UserModel.m */,
				CF8422F41F28B031001FC8CC /* TweakTableViewCell.h */,
				CF8422F51F28B031001FC8CC /* TweakTableViewCell.m */,
			);
			path = Tweak;
			sourceTree = SOURCE_ROOT;
		};
		CF8422E21F284B15001FC8CC /* lib */ = {
			isa = PBXGroup;
			children = (
				CF199E461F55172D00D63C76 /* NSDate+Extension.h */,
				CF199E471F55172D00D63C76 /* NSDate+Extension.m */,
				CF8422EE1F285B44001FC8CC /* UIView+OMTExtension.h */,
				CF8422EF1F285B44001FC8CC /* UIView+OMTExtension.m */,
				CF8422E31F284B15001FC8CC /* MBProgressHUD */,
			);
			path = lib;
			sourceTree = "<group>";
		};
		CF8422E31F284B15001FC8CC /* MBProgressHUD */ = {
			isa = PBXGroup;
			children = (
				CF8422EB1F284BAC001FC8CC /* MBProgressHUD+OMTExtension.h */,
				CF8422EC1F284BAC001FC8CC /* MBProgressHUD+OMTExtension.m */,
				CF8422E41F284B15001FC8CC /* LICENSE */,
				CF8422E51F284B15001FC8CC /* MBProgressHUD.h */,
				CF8422E61F284B15001FC8CC /* MBProgressHUD.m */,
				CF8422E71F284B15001FC8CC /* README.mdown */,
			);
			path = MBProgressHUD;
			sourceTree = "<group>";
		};
/* End PBXGroup section */

/* Begin PBXNativeTarget section */
		CF71A6871F19C31500B15EA5 /* newTweak */ = {
			isa = PBXNativeTarget;
			buildConfigurationList = CF71A69F1F19C31500B15EA5 /* Build configuration list for PBXNativeTarget "newTweak" */;
			buildPhases = (
				CF71A6841F19C31500B15EA5 /* Sources */,
				CF71A6851F19C31500B15EA5 /* Frameworks */,
				CF71A6861F19C31500B15EA5 /* Resources */,
			);
			buildRules = (
			);
			dependencies = (
			);
			name = newTweak;
			productName = newTweak;
			productReference = CF71A6881F19C31500B15EA5 /* newTweak.app */;
			productType = "com.apple.product-type.application";
		};
/* End PBXNativeTarget section */

/* Begin PBXProject section */
		CF71A6801F19C31500B15EA5 /* Project object */ = {
			isa = PBXProject;
			attributes = {
				LastUpgradeCheck = 0830;
				ORGANIZATIONNAME = mutouren;
				TargetAttributes = {
					CF71A6871F19C31500B15EA5 = {
						CreatedOnToolsVersion = 8.3.1;
						DevelopmentTeam = 22R642G6PN;
						ProvisioningStyle = Manual;
					};
				};
			};
			buildConfigurationList = CF71A6831F19C31500B15EA5 /* Build configuration list for PBXProject "newTweak" */;
			compatibilityVersion = "Xcode 3.2";
			developmentRegion = English;
			hasScannedForEncodings = 0;
			knownRegions = (
				en,
				Base,
			);
			mainGroup = CF71A67F1F19C31500B15EA5;
			productRefGroup = CF71A6891F19C31500B15EA5 /* Products */;
			projectDirPath = "";
			projectRoot = "";
			targets = (
				CF71A6871F19C31500B15EA5 /* newTweak */,
			);
		};
/* End PBXProject section */

/* Begin PBXResourcesBuildPhase section */
		CF71A6861F19C31500B15EA5 /* Resources */ = {
			isa = PBXResourcesBuildPhase;
			buildActionMask = 2147483647;
			files = (
				CF71A69B1F19C31500B15EA5 /* LaunchScreen.storyboard in Resources */,
				CF71A6AE1F19C3EA00B15EA5 /* Tweak.xm in Resources */,
				CF71A6981F19C31500B15EA5 /* Assets.xcassets in Resources */,
				CF71A6961F19C31500B15EA5 /* Main.storyboard in Resources */,
				CFD1DDEB1F5182010093CDB0 /* libdisPatch.plist in Resources */,
				CF8422E81F284B15001FC8CC /* LICENSE in Resources */,
			);
			runOnlyForDeploymentPostprocessing = 0;
		};
/* End PBXResourcesBuildPhase section */

/* Begin PBXSourcesBuildPhase section */
		CF71A6841F19C31500B15EA5 /* Sources */ = {
			isa = PBXSourcesBuildPhase;
			buildActionMask = 2147483647;
			files = (
				CF71A6931F19C31500B15EA5 /* ViewController.m in Sources */,
				CF71A6C01F19C50400B15EA5 /* TweakEXECManager.m in Sources */,
				CF71A6901F19C31500B15EA5 /* AppDelegate.m in Sources */,
				CF71A6C11F19C50400B15EA5 /* TweakViewController.m in Sources */,
				CF8422F61F28B031001FC8CC /* TweakTableViewCell.m in Sources */,
				CF8422E91F284B15001FC8CC /* MBProgressHUD.m in Sources */,
				CF71A6BF1F19C50400B15EA5 /* TweakDataManager.m in Sources */,
				CF71A6BE1F19C50400B15EA5 /* NSObject+Extension.m in Sources */,
				CF8422F01F285B44001FC8CC /* UIView+OMTExtension.m in Sources */,
				CFAD6B6F1F260F70006B2363 /* UserModel.m in Sources */,
				CF199E481F55172D00D63C76 /* NSDate+Extension.m in Sources */,
				CF71A6C41F1A02B600B15EA5 /* TweakManager.m in Sources */,
				CF8422EA1F284B15001FC8CC /* README.mdown in Sources */,
				CF71A6AC1F19C3EA00B15EA5 /* Makefile in Sources */,
				CF8422ED1F284BAC001FC8CC /* MBProgressHUD+OMTExtension.m in Sources */,
				CF94E64D1F38605600CAEF65 /* OMTDebugManager.m in Sources */,
				CF71A68D1F19C31500B15EA5 /* main.m in Sources */,
			);
			runOnlyForDeploymentPostprocessing = 0;
		};
/* End PBXSourcesBuildPhase section */

/* Begin PBXVariantGroup section */
		CF71A6941F19C31500B15EA5 /* Main.storyboard */ = {
			isa = PBXVariantGroup;
			children = (
				CF71A6951F19C31500B15EA5 /* Base */,
			);
			name = Main.storyboard;
			sourceTree = "<group>";
		};
		CF71A6991F19C31500B15EA5 /* LaunchScreen.storyboard */ = {
			isa = PBXVariantGroup;
			children = (
				CF71A69A1F19C31500B15EA5 /* Base */,
			);
			name = LaunchScreen.storyboard;
			sourceTree = "<group>";
		};
/* End PBXVariantGroup section */

/* Begin XCBuildConfiguration section */
		CF71A69D1F19C31500B15EA5 /* Debug */ = {
			isa = XCBuildConfiguration;
			buildSettings = {
				ALWAYS_SEARCH_USER_PATHS = NO;
				CLANG_ANALYZER_NONNULL = YES;
				CLANG_ANALYZER_NUMBER_OBJECT_CONVERSION = YES_AGGRESSIVE;
				CLANG_CXX_LANGUAGE_STANDARD = "gnu++0x";
				CLANG_CXX_LIBRARY = "libc++";
				CLANG_ENABLE_MODULES = YES;
				CLANG_ENABLE_OBJC_ARC = YES;
				CLANG_WARN_BOOL_CONVERSION = YES;
				CLANG_WARN_CONSTANT_CONVERSION = YES;
				CLANG_WARN_DIRECT_OBJC_ISA_USAGE = YES_ERROR;
				CLANG_WARN_DOCUMENTATION_COMMENTS = YES;
				CLANG_WARN_EMPTY_BODY = YES;
				CLANG_WARN_ENUM_CONVERSION = YES;
				CLANG_WARN_INFINITE_RECURSION = YES;
				CLANG_WARN_INT_CONVERSION = YES;
				CLANG_WARN_OBJC_ROOT_CLASS = YES_ERROR;
				CLANG_WARN_SUSPICIOUS_MOVE = YES;
				CLANG_WARN_UNREACHABLE_CODE = YES;
				CLANG_WARN__DUPLICATE_METHOD_MATCH = YES;
				"CODE_SIGN_IDENTITY[sdk=iphoneos*]" = "iPhone Developer";
				COPY_PHASE_STRIP = NO;
				DEBUG_INFORMATION_FORMAT = dwarf;
				ENABLE_STRICT_OBJC_MSGSEND = YES;
				ENABLE_TESTABILITY = YES;
				GCC_C_LANGUAGE_STANDARD = gnu99;
				GCC_DYNAMIC_NO_PIC = NO;
				GCC_NO_COMMON_BLOCKS = YES;
				GCC_OPTIMIZATION_LEVEL = 0;
				GCC_PREPROCESSOR_DEFINITIONS = (
					"DEBUG=1",
					"$(inherited)",
				);
				GCC_WARN_64_TO_32_BIT_CONVERSION = YES;
				GCC_WARN_ABOUT_RETURN_TYPE = YES_ERROR;
				GCC_WARN_UNDECLARED_SELECTOR = YES;
				GCC_WARN_UNINITIALIZED_AUTOS = YES_AGGRESSIVE;
				GCC_WARN_UNUSED_FUNCTION = YES;
				GCC_WARN_UNUSED_VARIABLE = YES;
				IPHONEOS_DEPLOYMENT_TARGET = 10.3;
				MTL_ENABLE_DEBUG_INFO = YES;
				ONLY_ACTIVE_ARCH = YES;
				SDKROOT = iphoneos;
			};
			name = Debug;
		};
		CF71A69E1F19C31500B15EA5 /* Release */ = {
			isa = XCBuildConfiguration;
			buildSettings = {
				ALWAYS_SEARCH_USER_PATHS = NO;
				CLANG_ANALYZER_NONNULL = YES;
				CLANG_ANALYZER_NUMBER_OBJECT_CONVERSION = YES_AGGRESSIVE;
				CLANG_CXX_LANGUAGE_STANDARD = "gnu++0x";
				CLANG_CXX_LIBRARY = "libc++";
				CLANG_ENABLE_MODULES = YES;
				CLANG_ENABLE_OBJC_ARC = YES;
				CLANG_WARN_BOOL_CONVERSION = YES;
				CLANG_WARN_CONSTANT_CONVERSION = YES;
				CLANG_WARN_DIRECT_OBJC_ISA_USAGE = YES_ERROR;
				CLANG_WARN_DOCUMENTATION_COMMENTS = YES;
				CLANG_WARN_EMPTY_BODY = YES;
				CLANG_WARN_ENUM_CONVERSION = YES;
				CLANG_WARN_INFINITE_RECURSION = YES;
				CLANG_WARN_INT_CONVERSION = YES;
				CLANG_WARN_OBJC_ROOT_CLASS = YES_ERROR;
				CLANG_WARN_SUSPICIOUS_MOVE = YES;
				CLANG_WARN_UNREACHABLE_CODE = YES;
				CLANG_WARN__DUPLICATE_METHOD_MATCH = YES;
				"CODE_SIGN_IDENTITY[sdk=iphoneos*]" = "iPhone Developer";
				COPY_PHASE_STRIP = NO;
				DEBUG_INFORMATION_FORMAT = "dwarf-with-dsym";
				ENABLE_NS_ASSERTIONS = NO;
				ENABLE_STRICT_OBJC_MSGSEND = YES;
				GCC_C_LANGUAGE_STANDARD = gnu99;
				GCC_NO_COMMON_BLOCKS = YES;
				GCC_WARN_64_TO_32_BIT_CONVERSION = YES;
				GCC_WARN_ABOUT_RETURN_TYPE = YES_ERROR;
				GCC_WARN_UNDECLARED_SELECTOR = YES;
				GCC_WARN_UNINITIALIZED_AUTOS = YES_AGGRESSIVE;
				GCC_WARN_UNUSED_FUNCTION = YES;
				GCC_WARN_UNUSED_VARIABLE = YES;
				IPHONEOS_DEPLOYMENT_TARGET = 10.3;
				MTL_ENABLE_DEBUG_INFO = NO;
				SDKROOT = iphoneos;
				VALIDATE_PRODUCT = YES;
			};
			name = Release;
		};
		CF71A6A01F19C31500B15EA5 /* Debug */ = {
			isa = XCBuildConfiguration;
			buildSettings = {
				ASSETCATALOG_COMPILER_APPICON_NAME = AppIcon;
				DEVELOPMENT_TEAM = 22R642G6PN;
				INFOPLIST_FILE = newTweak/Info.plist;
				IPHONEOS_DEPLOYMENT_TARGET = 8.0;
				LD_RUNPATH_SEARCH_PATHS = "$(inherited) @executable_path/Frameworks";
				PRODUCT_BUNDLE_IDENTIFIER = com.onemt.sdk.gameDemo;
				PRODUCT_NAME = "$(TARGET_NAME)";
				PROVISIONING_PROFILE = "2842e3e6-5f63-4594-8976-1e7e7aaeefb1";
				PROVISIONING_PROFILE_SPECIFIER = dev4GameDemo;
			};
			name = Debug;
		};
		CF71A6A11F19C31500B15EA5 /* Release */ = {
			isa = XCBuildConfiguration;
			buildSettings = {
				ASSETCATALOG_COMPILER_APPICON_NAME = AppIcon;
				DEVELOPMENT_TEAM = 22R642G6PN;
				INFOPLIST_FILE = newTweak/Info.plist;
				IPHONEOS_DEPLOYMENT_TARGET = 8.0;
				LD_RUNPATH_SEARCH_PATHS = "$(inherited) @executable_path/Frameworks";
				PRODUCT_BUNDLE_IDENTIFIER = com.onemt.sdk.gameDemo;
				PRODUCT_NAME = "$(TARGET_NAME)";
				PROVISIONING_PROFILE = "2842e3e6-5f63-4594-8976-1e7e7aaeefb1";
				PROVISIONING_PROFILE_SPECIFIER = dev4GameDemo;
			};
			name = Release;
		};
/* End XCBuildConfiguration section */

/* Begin XCConfigurationList section */
		CF71A6831F19C31500B15EA5 /* Build configuration list for PBXProject "newTweak" */ = {
			isa = XCConfigurationList;
			buildConfigurations = (
				CF71A69D1F19C31500B15EA5 /* Debug */,
				CF71A69E1F19C31500B15EA5 /* Release */,
			);
			defaultConfigurationIsVisible = 0;
			defaultConfigurationName = Release;
		};
		CF71A69F1F19C31500B15EA5 /* Build configuration list for PBXNativeTarget "newTweak" */ = {
			isa = XCConfigurationList;
			buildConfigurations = (
				CF71A6A01F19C31500B15EA5 /* Debug */,
				CF71A6A11F19C31500B15EA5 /* Release */,
			);
			defaultConfigurationIsVisible = 0;
			defaultConfigurationName = Release;
		};
/* End XCConfigurationList section */
	};
	rootObject = CF71A6801F19C31500B15EA5 /* Project object */;
}
